hash: 7299a2260d69d76e0704469b0d66ef4602a28868ad0f42fb8a3e5dd7f5d1ed18
updated: 2017-11-06T13:59:08.470528602+08:00
imports:
- name: github.com/gorilla/websocket
  version: ea4d1f681babbce9545c9c5f3d5194a789c89f5b
- name: github.com/labstack/echo
  version: cec7629194fe4bf83b0c72d9a02d340c7a1468ac
- name: github.com/spf13/viper
  version: 25b30aa063fc18e48662b86996252eabdcf2f0c7
testImports: []
