hash: 1c76688d6b0b93d1a0074abd2d01aad89fae68502e367cf9c6d456b4615d1be5
updated: 2017-10-31T22:31:47.047318+08:00
imports:
- name: github.com/gorilla/websocket
  version: ea4d1f681babbce9545c9c5f3d5194a789c89f5b
- name: github.com/labstack/echo
  version: cec7629194fe4bf83b0c72d9a02d340c7a1468ac
testImports: []
